
Microsoft Visual Studio Solution File, Format Version 12.00
# Visual Studio Version 16
VisualStudioVersion = 16.0.30608.117
MinimumVisualStudioVersion = 10.0.40219.1
Project("{FAE04EC0-301F-11D3-BF4B-00C04F79EFBC}") = "BlazorApp1.Server", "BlazorApp1\Server\BlazorApp1.Server.csproj", "{3055A1E9-7C15-422B-8270-417E0B687DBE}"
EndProject
Project("{FAE04EC0-301F-11D3-BF4B-00C04F79EFBC}") = "BlazorApp1.Client", "BlazorApp1\Client\BlazorApp1.Client.csproj", "{91944BC4-E479-4006-9A68-9AFD8488C184}"
EndProject
Project("{FAE04EC0-301F-11D3-BF4B-00C04F79EFBC}") = "BlazorApp1.Shared", "BlazorApp1\Shared\BlazorApp1.Shared.csproj", "{CE2EAD02-2E7A-4F33-9F67-090BBF35CF8E}"
EndProject
Global
	GlobalSection(SolutionConfigurationPlatforms) = preSolution
		Debug|Any CPU = Debug|Any CPU
		Release|Any CPU = Release|Any CPU
	EndGlobalSection
	GlobalSection(ProjectConfigurationPlatforms) = postSolution
		{3055A1E9-7C15-422B-8270-417E0B687DBE}.Debug|Any CPU.ActiveCfg = Debug|Any CPU
		{3055A1E9-7C15-422B-8270-417E0B687DBE}.Debug|Any CPU.Build.0 = Debug|Any CPU
		{3055A1E9-7C15-422B-8270-417E0B687DBE}.Release|Any CPU.ActiveCfg = Release|Any CPU
		{3055A1E9-7C15-422B-8270-417E0B687DBE}.Release|Any CPU.Build.0 = Release|Any CPU
		{91944BC4-E479-4006-9A68-9AFD8488C184}.Debug|Any CPU.ActiveCfg = Debug|Any CPU
		{91944BC4-E479-4006-9A68-9AFD8488C184}.Debug|Any CPU.Build.0 = Debug|Any CPU
		{91944BC4-E479-4006-9A68-9AFD8488C184}.Release|Any CPU.ActiveCfg = Release|Any CPU
		{91944BC4-E479-4006-9A68-9AFD8488C184}.Release|Any CPU.Build.0 = Release|Any CPU
		{CE2EAD02-2E7A-4F33-9F67-090BBF35CF8E}.Debug|Any CPU.ActiveCfg = Debug|Any CPU
		{CE2EAD02-2E7A-4F33-9F67-090BBF35CF8E}.Debug|Any CPU.Build.0 = Debug|Any CPU
		{CE2EAD02-2E7A-4F33-9F67-090BBF35CF8E}.Release|Any CPU.ActiveCfg = Release|Any CPU
		{CE2EAD02-2E7A-4F33-9F67-090BBF35CF8E}.Release|Any CPU.Build.0 = Release|Any CPU
	EndGlobalSection
	GlobalSection(SolutionProperties) = preSolution
		HideSolutionNode = FALSE
	EndGlobalSection
	GlobalSection(ExtensibilityGlobals) = postSolution
		SolutionGuid = {BF523CD9-5BA8-45EE-A0C5-093683FAC0A1}
	EndGlobalSection
EndGlobal
